
Microsoft Visual Studio Solution File, Format Version 12.00
# Visual Studio Version 17
VisualStudioVersion = 17.0.31912.275
MinimumVisualStudioVersion = 10.0.40219.1
Project("{FAE04EC0-301F-11D3-BF4B-00C04F79EFBC}") = "InheritanceChallenge2", "InheritanceChallenge2\InheritanceChallenge2.csproj", "{5F338F89-B674-42AE-8325-76E8FA20611C}"
EndProject
Global
	GlobalSection(SolutionConfigurationPlatforms) = preSolution
		Debug|Any CPU = Debug|Any CPU
		Release|Any CPU = Release|Any CPU
	EndGlobalSection
	GlobalSection(ProjectConfigurationPlatforms) = postSolution
		{5F338F89-B674-42AE-8325-76E8FA20611C}.Debug|Any CPU.ActiveCfg = Debug|Any CPU
		{5F338F89-B674-42AE-8325-76E8FA20611C}.Debug|Any CPU.Build.0 = Debug|Any CPU
		{5F338F89-B674-42AE-8325-76E8FA20611C}.Release|Any CPU.ActiveCfg = Release|Any CPU
		{5F338F89-B674-42AE-8325-76E8FA20611C}.Release|Any CPU.Build.0 = Release|Any CPU
	EndGlobalSection
	GlobalSection(SolutionProperties) = preSolution
		HideSolutionNode = FALSE
	EndGlobalSection
	GlobalSection(ExtensibilityGlobals) = postSolution
		SolutionGuid = {4D459BA0-243D-4815-B082-6E38D5104363}
	EndGlobalSection
EndGlobal
