
Microsoft Visual Studio Solution File, Format Version 12.00
# Visual Studio Version 17
VisualStudioVersion = 17.0.31912.275
MinimumVisualStudioVersion = 10.0.40219.1
Project("{FAE04EC0-301F-11D3-BF4B-00C04F79EFBC}") = "UniversityManagerUseLinq", "UniversityManagerUseLinq\UniversityManagerUseLinq.csproj", "{BFCA5040-EF0E-416F-8B5D-FCC6ECC87E7A}"
EndProject
Global
	GlobalSection(SolutionConfigurationPlatforms) = preSolution
		Debug|Any CPU = Debug|Any CPU
		Release|Any CPU = Release|Any CPU
	EndGlobalSection
	GlobalSection(ProjectConfigurationPlatforms) = postSolution
		{BFCA5040-EF0E-416F-8B5D-FCC6ECC87E7A}.Debug|Any CPU.ActiveCfg = Debug|Any CPU
		{BFCA5040-EF0E-416F-8B5D-FCC6ECC87E7A}.Debug|Any CPU.Build.0 = Debug|Any CPU
		{BFCA5040-EF0E-416F-8B5D-FCC6ECC87E7A}.Release|Any CPU.ActiveCfg = Release|Any CPU
		{BFCA5040-EF0E-416F-8B5D-FCC6ECC87E7A}.Release|Any CPU.Build.0 = Release|Any CPU
	EndGlobalSection
	GlobalSection(SolutionProperties) = preSolution
		HideSolutionNode = FALSE
	EndGlobalSection
	GlobalSection(ExtensibilityGlobals) = postSolution
		SolutionGuid = {8DC72EB6-A67C-4B53-B544-8F48BB4EE1FD}
	EndGlobalSection
EndGlobal
