
Microsoft Visual Studio Solution File, Format Version 12.00
# Visual Studio Version 17
VisualStudioVersion = 17.0.31912.275
MinimumVisualStudioVersion = 10.0.40219.1
Project("{FAE04EC0-301F-11D3-BF4B-00C04F79EFBC}") = "PasswordBoxWPF", "PasswordBoxWPF\PasswordBoxWPF.csproj", "{5A96775D-AE36-4815-A256-7FCEF7C0A41C}"
EndProject
Global
	GlobalSection(SolutionConfigurationPlatforms) = preSolution
		Debug|Any CPU = Debug|Any CPU
		Release|Any CPU = Release|Any CPU
	EndGlobalSection
	GlobalSection(ProjectConfigurationPlatforms) = postSolution
		{5A96775D-AE36-4815-A256-7FCEF7C0A41C}.Debug|Any CPU.ActiveCfg = Debug|Any CPU
		{5A96775D-AE36-4815-A256-7FCEF7C0A41C}.Debug|Any CPU.Build.0 = Debug|Any CPU
		{5A96775D-AE36-4815-A256-7FCEF7C0A41C}.Release|Any CPU.ActiveCfg = Release|Any CPU
		{5A96775D-AE36-4815-A256-7FCEF7C0A41C}.Release|Any CPU.Build.0 = Release|Any CPU
	EndGlobalSection
	GlobalSection(SolutionProperties) = preSolution
		HideSolutionNode = FALSE
	EndGlobalSection
	GlobalSection(ExtensibilityGlobals) = postSolution
		SolutionGuid = {B90D3AAE-5C2A-4348-B99C-A9D849577454}
	EndGlobalSection
EndGlobal
