
Microsoft Visual Studio Solution File, Format Version 12.00
# Visual Studio Version 17
VisualStudioVersion = 17.0.31912.275
MinimumVisualStudioVersion = 10.0.40219.1
Project("{FAE04EC0-301F-11D3-BF4B-00C04F79EFBC}") = "GenericTypeMethod", "GenericTypeMethod\GenericTypeMethod.csproj", "{B4168BBC-459E-4E33-A450-BC9011D53C3C}"
EndProject
Global
	GlobalSection(SolutionConfigurationPlatforms) = preSolution
		Debug|Any CPU = Debug|Any CPU
		Release|Any CPU = Release|Any CPU
	EndGlobalSection
	GlobalSection(ProjectConfigurationPlatforms) = postSolution
		{B4168BBC-459E-4E33-A450-BC9011D53C3C}.Debug|Any CPU.ActiveCfg = Debug|Any CPU
		{B4168BBC-459E-4E33-A450-BC9011D53C3C}.Debug|Any CPU.Build.0 = Debug|Any CPU
		{B4168BBC-459E-4E33-A450-BC9011D53C3C}.Release|Any CPU.ActiveCfg = Release|Any CPU
		{B4168BBC-459E-4E33-A450-BC9011D53C3C}.Release|Any CPU.Build.0 = Release|Any CPU
	EndGlobalSection
	GlobalSection(SolutionProperties) = preSolution
		HideSolutionNode = FALSE
	EndGlobalSection
	GlobalSection(ExtensibilityGlobals) = postSolution
		SolutionGuid = {D5A3FC78-14E4-4972-9A33-C4091E2F8D9B}
	EndGlobalSection
EndGlobal
