
Microsoft Visual Studio Solution File, Format Version 12.00
# Visual Studio Version 17
VisualStudioVersion = 17.0.31912.275
MinimumVisualStudioVersion = 10.0.40219.1
Project("{FAE04EC0-301F-11D3-BF4B-00C04F79EFBC}") = "CreateInterfaceBetweenChairAndCars", "CreateInterfaceBetweenChairAndCars\CreateInterfaceBetweenChairAndCars.csproj", "{8F123927-8F61-47A7-B75A-C381C708132C}"
EndProject
Global
	GlobalSection(SolutionConfigurationPlatforms) = preSolution
		Debug|Any CPU = Debug|Any CPU
		Release|Any CPU = Release|Any CPU
	EndGlobalSection
	GlobalSection(ProjectConfigurationPlatforms) = postSolution
		{8F123927-8F61-47A7-B75A-C381C708132C}.Debug|Any CPU.ActiveCfg = Debug|Any CPU
		{8F123927-8F61-47A7-B75A-C381C708132C}.Debug|Any CPU.Build.0 = Debug|Any CPU
		{8F123927-8F61-47A7-B75A-C381C708132C}.Release|Any CPU.ActiveCfg = Release|Any CPU
		{8F123927-8F61-47A7-B75A-C381C708132C}.Release|Any CPU.Build.0 = Release|Any CPU
	EndGlobalSection
	GlobalSection(SolutionProperties) = preSolution
		HideSolutionNode = FALSE
	EndGlobalSection
	GlobalSection(ExtensibilityGlobals) = postSolution
		SolutionGuid = {377CB4DF-F55B-4CF5-A1BA-ED5FDFE6AF72}
	EndGlobalSection
EndGlobal
