
Microsoft Visual Studio Solution File, Format Version 12.00
# Visual Studio Version 17
VisualStudioVersion = 17.0.31912.275
MinimumVisualStudioVersion = 10.0.40219.1
Project("{FAE04EC0-301F-11D3-BF4B-00C04F79EFBC}") = "Linq with XML", "Linq with XML\Linq with XML.csproj", "{3F241E13-7422-486E-868F-7E32800B43B4}"
EndProject
Global
	GlobalSection(SolutionConfigurationPlatforms) = preSolution
		Debug|Any CPU = Debug|Any CPU
		Release|Any CPU = Release|Any CPU
	EndGlobalSection
	GlobalSection(ProjectConfigurationPlatforms) = postSolution
		{3F241E13-7422-486E-868F-7E32800B43B4}.Debug|Any CPU.ActiveCfg = Debug|Any CPU
		{3F241E13-7422-486E-868F-7E32800B43B4}.Debug|Any CPU.Build.0 = Debug|Any CPU
		{3F241E13-7422-486E-868F-7E32800B43B4}.Release|Any CPU.ActiveCfg = Release|Any CPU
		{3F241E13-7422-486E-868F-7E32800B43B4}.Release|Any CPU.Build.0 = Release|Any CPU
	EndGlobalSection
	GlobalSection(SolutionProperties) = preSolution
		HideSolutionNode = FALSE
	EndGlobalSection
	GlobalSection(ExtensibilityGlobals) = postSolution
		SolutionGuid = {84C2FBD7-DC74-4C99-9CD1-7D3BEEF841A4}
	EndGlobalSection
EndGlobal
