
Microsoft Visual Studio Solution File, Format Version 12.00
# Visual Studio Version 17
VisualStudioVersion = 17.0.31912.275
MinimumVisualStudioVersion = 10.0.40219.1
Project("{FAE04EC0-301F-11D3-BF4B-00C04F79EFBC}") = "WPF02", "WPF02\WPF02.csproj", "{9271FB4B-F7CE-4790-AFFF-4A890C48782A}"
EndProject
Global
	GlobalSection(SolutionConfigurationPlatforms) = preSolution
		Debug|Any CPU = Debug|Any CPU
		Release|Any CPU = Release|Any CPU
	EndGlobalSection
	GlobalSection(ProjectConfigurationPlatforms) = postSolution
		{9271FB4B-F7CE-4790-AFFF-4A890C48782A}.Debug|Any CPU.ActiveCfg = Debug|Any CPU
		{9271FB4B-F7CE-4790-AFFF-4A890C48782A}.Debug|Any CPU.Build.0 = Debug|Any CPU
		{9271FB4B-F7CE-4790-AFFF-4A890C48782A}.Release|Any CPU.ActiveCfg = Release|Any CPU
		{9271FB4B-F7CE-4790-AFFF-4A890C48782A}.Release|Any CPU.Build.0 = Release|Any CPU
	EndGlobalSection
	GlobalSection(SolutionProperties) = preSolution
		HideSolutionNode = FALSE
	EndGlobalSection
	GlobalSection(ExtensibilityGlobals) = postSolution
		SolutionGuid = {47DE5300-C562-4AEB-81FF-B523AE219AE9}
	EndGlobalSection
EndGlobal
