
Microsoft Visual Studio Solution File, Format Version 12.00
# Visual Studio Version 17
VisualStudioVersion = 17.0.31912.275
MinimumVisualStudioVersion = 10.0.40219.1
Project("{FAE04EC0-301F-11D3-BF4B-00C04F79EFBC}") = "HashTableChallenge", "HashTableChallenge\HashTableChallenge.csproj", "{B3B15455-0579-41DA-99CA-F061D4DFCB6D}"
EndProject
Global
	GlobalSection(SolutionConfigurationPlatforms) = preSolution
		Debug|Any CPU = Debug|Any CPU
		Release|Any CPU = Release|Any CPU
	EndGlobalSection
	GlobalSection(ProjectConfigurationPlatforms) = postSolution
		{B3B15455-0579-41DA-99CA-F061D4DFCB6D}.Debug|Any CPU.ActiveCfg = Debug|Any CPU
		{B3B15455-0579-41DA-99CA-F061D4DFCB6D}.Debug|Any CPU.Build.0 = Debug|Any CPU
		{B3B15455-0579-41DA-99CA-F061D4DFCB6D}.Release|Any CPU.ActiveCfg = Release|Any CPU
		{B3B15455-0579-41DA-99CA-F061D4DFCB6D}.Release|Any CPU.Build.0 = Release|Any CPU
	EndGlobalSection
	GlobalSection(SolutionProperties) = preSolution
		HideSolutionNode = FALSE
	EndGlobalSection
	GlobalSection(ExtensibilityGlobals) = postSolution
		SolutionGuid = {E3D2E37D-CD84-46C7-95EB-0FAE8C8D0E86}
	EndGlobalSection
EndGlobal
