
Microsoft Visual Studio Solution File, Format Version 12.00
# Visual Studio Version 17
VisualStudioVersion = 17.0.31912.275
MinimumVisualStudioVersion = 10.0.40219.1
Project("{FAE04EC0-301F-11D3-BF4B-00C04F79EFBC}") = "DelegateGameDemo", "DelegateGameDemo\DelegateGameDemo.csproj", "{EFF10E88-7767-4EF4-B66F-DF335FD2628B}"
EndProject
Global
	GlobalSection(SolutionConfigurationPlatforms) = preSolution
		Debug|Any CPU = Debug|Any CPU
		Release|Any CPU = Release|Any CPU
	EndGlobalSection
	GlobalSection(ProjectConfigurationPlatforms) = postSolution
		{EFF10E88-7767-4EF4-B66F-DF335FD2628B}.Debug|Any CPU.ActiveCfg = Debug|Any CPU
		{EFF10E88-7767-4EF4-B66F-DF335FD2628B}.Debug|Any CPU.Build.0 = Debug|Any CPU
		{EFF10E88-7767-4EF4-B66F-DF335FD2628B}.Release|Any CPU.ActiveCfg = Release|Any CPU
		{EFF10E88-7767-4EF4-B66F-DF335FD2628B}.Release|Any CPU.Build.0 = Release|Any CPU
	EndGlobalSection
	GlobalSection(SolutionProperties) = preSolution
		HideSolutionNode = FALSE
	EndGlobalSection
	GlobalSection(ExtensibilityGlobals) = postSolution
		SolutionGuid = {88624E49-F613-45B5-BB72-5F2D62BA3B9D}
	EndGlobalSection
EndGlobal
