
Microsoft Visual Studio Solution File, Format Version 12.00
# Visual Studio Version 17
VisualStudioVersion = 17.0.31912.275
MinimumVisualStudioVersion = 10.0.40219.1
Project("{FAE04EC0-301F-11D3-BF4B-00C04F79EFBC}") = "Constructors", "Constructors\Constructors.csproj", "{9720BC79-0EA2-4064-A973-999503A8D3A5}"
EndProject
Global
	GlobalSection(SolutionConfigurationPlatforms) = preSolution
		Debug|Any CPU = Debug|Any CPU
		Release|Any CPU = Release|Any CPU
	EndGlobalSection
	GlobalSection(ProjectConfigurationPlatforms) = postSolution
		{9720BC79-0EA2-4064-A973-999503A8D3A5}.Debug|Any CPU.ActiveCfg = Debug|Any CPU
		{9720BC79-0EA2-4064-A973-999503A8D3A5}.Debug|Any CPU.Build.0 = Debug|Any CPU
		{9720BC79-0EA2-4064-A973-999503A8D3A5}.Release|Any CPU.ActiveCfg = Release|Any CPU
		{9720BC79-0EA2-4064-A973-999503A8D3A5}.Release|Any CPU.Build.0 = Release|Any CPU
	EndGlobalSection
	GlobalSection(SolutionProperties) = preSolution
		HideSolutionNode = FALSE
	EndGlobalSection
	GlobalSection(ExtensibilityGlobals) = postSolution
		SolutionGuid = {E18596EF-DA1B-434F-9E38-51B822F54507}
	EndGlobalSection
EndGlobal
