
Microsoft Visual Studio Solution File, Format Version 12.00
# Visual Studio Version 17
VisualStudioVersion = 17.0.31912.275
MinimumVisualStudioVersion = 10.0.40219.1
Project("{FAE04EC0-301F-11D3-BF4B-00C04F79EFBC}") = "ListPractice", "ListPractice\ListPractice.csproj", "{4FDB5532-0CE8-4024-B35E-54E60390B4EB}"
EndProject
Global
	GlobalSection(SolutionConfigurationPlatforms) = preSolution
		Debug|Any CPU = Debug|Any CPU
		Release|Any CPU = Release|Any CPU
	EndGlobalSection
	GlobalSection(ProjectConfigurationPlatforms) = postSolution
		{4FDB5532-0CE8-4024-B35E-54E60390B4EB}.Debug|Any CPU.ActiveCfg = Debug|Any CPU
		{4FDB5532-0CE8-4024-B35E-54E60390B4EB}.Debug|Any CPU.Build.0 = Debug|Any CPU
		{4FDB5532-0CE8-4024-B35E-54E60390B4EB}.Release|Any CPU.ActiveCfg = Release|Any CPU
		{4FDB5532-0CE8-4024-B35E-54E60390B4EB}.Release|Any CPU.Build.0 = Release|Any CPU
	EndGlobalSection
	GlobalSection(SolutionProperties) = preSolution
		HideSolutionNode = FALSE
	EndGlobalSection
	GlobalSection(ExtensibilityGlobals) = postSolution
		SolutionGuid = {6EF0FB2B-80BB-4017-973C-A00683455203}
	EndGlobalSection
EndGlobal
