
Microsoft Visual Studio Solution File, Format Version 12.00
# Visual Studio Version 17
VisualStudioVersion = 17.0.31912.275
MinimumVisualStudioVersion = 10.0.40219.1
Project("{FAE04EC0-301F-11D3-BF4B-00C04F79EFBC}") = "DictionaryKeyVlauePair", "DictionaryKeyVlauePair\DictionaryKeyVlauePair.csproj", "{C556B726-8ADC-432C-B3E0-CB53E1467B85}"
EndProject
Global
	GlobalSection(SolutionConfigurationPlatforms) = preSolution
		Debug|Any CPU = Debug|Any CPU
		Release|Any CPU = Release|Any CPU
	EndGlobalSection
	GlobalSection(ProjectConfigurationPlatforms) = postSolution
		{C556B726-8ADC-432C-B3E0-CB53E1467B85}.Debug|Any CPU.ActiveCfg = Debug|Any CPU
		{C556B726-8ADC-432C-B3E0-CB53E1467B85}.Debug|Any CPU.Build.0 = Debug|Any CPU
		{C556B726-8ADC-432C-B3E0-CB53E1467B85}.Release|Any CPU.ActiveCfg = Release|Any CPU
		{C556B726-8ADC-432C-B3E0-CB53E1467B85}.Release|Any CPU.Build.0 = Release|Any CPU
	EndGlobalSection
	GlobalSection(SolutionProperties) = preSolution
		HideSolutionNode = FALSE
	EndGlobalSection
	GlobalSection(ExtensibilityGlobals) = postSolution
		SolutionGuid = {0F6E82DE-018E-4594-AEA7-923382CA2EB0}
	EndGlobalSection
EndGlobal
