
Microsoft Visual Studio Solution File, Format Version 12.00
# Visual Studio Version 17
VisualStudioVersion = 17.0.31912.275
MinimumVisualStudioVersion = 10.0.40219.1
Project("{FAE04EC0-301F-11D3-BF4B-00C04F79EFBC}") = "Test1", "Test1\Test1.csproj", "{C0122D44-76DD-44D8-BE36-B1B5A4140671}"
EndProject
Global
	GlobalSection(SolutionConfigurationPlatforms) = preSolution
		Debug|Any CPU = Debug|Any CPU
		Release|Any CPU = Release|Any CPU
	EndGlobalSection
	GlobalSection(ProjectConfigurationPlatforms) = postSolution
		{C0122D44-76DD-44D8-BE36-B1B5A4140671}.Debug|Any CPU.ActiveCfg = Debug|Any CPU
		{C0122D44-76DD-44D8-BE36-B1B5A4140671}.Debug|Any CPU.Build.0 = Debug|Any CPU
		{C0122D44-76DD-44D8-BE36-B1B5A4140671}.Release|Any CPU.ActiveCfg = Release|Any CPU
		{C0122D44-76DD-44D8-BE36-B1B5A4140671}.Release|Any CPU.Build.0 = Release|Any CPU
	EndGlobalSection
	GlobalSection(SolutionProperties) = preSolution
		HideSolutionNode = FALSE
	EndGlobalSection
	GlobalSection(ExtensibilityGlobals) = postSolution
		SolutionGuid = {C4B50E5F-B060-4247-9CF8-83D0D1D62C77}
	EndGlobalSection
EndGlobal
