
Microsoft Visual Studio Solution File, Format Version 12.00
# Visual Studio Version 17
VisualStudioVersion = 17.0.31912.275
MinimumVisualStudioVersion = 10.0.40219.1
Project("{FAE04EC0-301F-11D3-BF4B-00C04F79EFBC}") = "WpfEventsInXAML", "WpfEventsInXAML\WpfEventsInXAML.csproj", "{ED29F189-3CB4-481D-AC0E-9F3E2B88D034}"
EndProject
Global
	GlobalSection(SolutionConfigurationPlatforms) = preSolution
		Debug|Any CPU = Debug|Any CPU
		Release|Any CPU = Release|Any CPU
	EndGlobalSection
	GlobalSection(ProjectConfigurationPlatforms) = postSolution
		{ED29F189-3CB4-481D-AC0E-9F3E2B88D034}.Debug|Any CPU.ActiveCfg = Debug|Any CPU
		{ED29F189-3CB4-481D-AC0E-9F3E2B88D034}.Debug|Any CPU.Build.0 = Debug|Any CPU
		{ED29F189-3CB4-481D-AC0E-9F3E2B88D034}.Release|Any CPU.ActiveCfg = Release|Any CPU
		{ED29F189-3CB4-481D-AC0E-9F3E2B88D034}.Release|Any CPU.Build.0 = Release|Any CPU
	EndGlobalSection
	GlobalSection(SolutionProperties) = preSolution
		HideSolutionNode = FALSE
	EndGlobalSection
	GlobalSection(ExtensibilityGlobals) = postSolution
		SolutionGuid = {B2FEE888-B4CC-45F9-AF3F-F30C76383056}
	EndGlobalSection
EndGlobal
