
Microsoft Visual Studio Solution File, Format Version 12.00
# Visual Studio Version 17
VisualStudioVersion = 17.0.31912.275
MinimumVisualStudioVersion = 10.0.40219.1
Project("{FAE04EC0-301F-11D3-BF4B-00C04F79EFBC}") = "Test3", "Test3\Test3.csproj", "{C3D95D95-F3C3-4314-A4CA-0F95C52A6836}"
EndProject
Global
	GlobalSection(SolutionConfigurationPlatforms) = preSolution
		Debug|Any CPU = Debug|Any CPU
		Release|Any CPU = Release|Any CPU
	EndGlobalSection
	GlobalSection(ProjectConfigurationPlatforms) = postSolution
		{C3D95D95-F3C3-4314-A4CA-0F95C52A6836}.Debug|Any CPU.ActiveCfg = Debug|Any CPU
		{C3D95D95-F3C3-4314-A4CA-0F95C52A6836}.Debug|Any CPU.Build.0 = Debug|Any CPU
		{C3D95D95-F3C3-4314-A4CA-0F95C52A6836}.Release|Any CPU.ActiveCfg = Release|Any CPU
		{C3D95D95-F3C3-4314-A4CA-0F95C52A6836}.Release|Any CPU.Build.0 = Release|Any CPU
	EndGlobalSection
	GlobalSection(SolutionProperties) = preSolution
		HideSolutionNode = FALSE
	EndGlobalSection
	GlobalSection(ExtensibilityGlobals) = postSolution
		SolutionGuid = {3A4A9D62-FE29-47DE-B50D-45387F7C6580}
	EndGlobalSection
EndGlobal
