
Microsoft Visual Studio Solution File, Format Version 12.00
# Visual Studio Version 17
VisualStudioVersion = 17.0.31912.275
MinimumVisualStudioVersion = 10.0.40219.1
Project("{FAE04EC0-301F-11D3-BF4B-00C04F79EFBC}") = "RandomClass", "RandomClass\RandomClass.csproj", "{33D6B577-6652-4744-81CD-6F50582BB38A}"
EndProject
Global
	GlobalSection(SolutionConfigurationPlatforms) = preSolution
		Debug|Any CPU = Debug|Any CPU
		Release|Any CPU = Release|Any CPU
	EndGlobalSection
	GlobalSection(ProjectConfigurationPlatforms) = postSolution
		{33D6B577-6652-4744-81CD-6F50582BB38A}.Debug|Any CPU.ActiveCfg = Debug|Any CPU
		{33D6B577-6652-4744-81CD-6F50582BB38A}.Debug|Any CPU.Build.0 = Debug|Any CPU
		{33D6B577-6652-4744-81CD-6F50582BB38A}.Release|Any CPU.ActiveCfg = Release|Any CPU
		{33D6B577-6652-4744-81CD-6F50582BB38A}.Release|Any CPU.Build.0 = Release|Any CPU
	EndGlobalSection
	GlobalSection(SolutionProperties) = preSolution
		HideSolutionNode = FALSE
	EndGlobalSection
	GlobalSection(ExtensibilityGlobals) = postSolution
		SolutionGuid = {18F0D442-C52A-4656-A508-FBDA7D24D559}
	EndGlobalSection
EndGlobal
