
Microsoft Visual Studio Solution File, Format Version 12.00
# Visual Studio Version 17
VisualStudioVersion = 17.0.31912.275
MinimumVisualStudioVersion = 10.0.40219.1
Project("{FAE04EC0-301F-11D3-BF4B-00C04F79EFBC}") = "WriteIntoATextFile", "WriteIntoATextFile\WriteIntoATextFile.csproj", "{D2ED2050-BC1C-4EA1-8B80-072555D03358}"
EndProject
Global
	GlobalSection(SolutionConfigurationPlatforms) = preSolution
		Debug|Any CPU = Debug|Any CPU
		Release|Any CPU = Release|Any CPU
	EndGlobalSection
	GlobalSection(ProjectConfigurationPlatforms) = postSolution
		{D2ED2050-BC1C-4EA1-8B80-072555D03358}.Debug|Any CPU.ActiveCfg = Debug|Any CPU
		{D2ED2050-BC1C-4EA1-8B80-072555D03358}.Debug|Any CPU.Build.0 = Debug|Any CPU
		{D2ED2050-BC1C-4EA1-8B80-072555D03358}.Release|Any CPU.ActiveCfg = Release|Any CPU
		{D2ED2050-BC1C-4EA1-8B80-072555D03358}.Release|Any CPU.Build.0 = Release|Any CPU
	EndGlobalSection
	GlobalSection(SolutionProperties) = preSolution
		HideSolutionNode = FALSE
	EndGlobalSection
	GlobalSection(ExtensibilityGlobals) = postSolution
		SolutionGuid = {886D51F6-D176-4E93-BF1B-D3FF48002335}
	EndGlobalSection
EndGlobal
