
Microsoft Visual Studio Solution File, Format Version 12.00
# Visual Studio Version 17
VisualStudioVersion = 17.0.31912.275
MinimumVisualStudioVersion = 10.0.40219.1
Project("{FAE04EC0-301F-11D3-BF4B-00C04F79EFBC}") = "ExplicitCoversionImplicitConversion", "ExplicitCoversionImplicitConversion\ExplicitCoversionImplicitConversion.csproj", "{176CDFB5-66D4-4146-9036-84822C5B8EDB}"
EndProject
Global
	GlobalSection(SolutionConfigurationPlatforms) = preSolution
		Debug|Any CPU = Debug|Any CPU
		Release|Any CPU = Release|Any CPU
	EndGlobalSection
	GlobalSection(ProjectConfigurationPlatforms) = postSolution
		{176CDFB5-66D4-4146-9036-84822C5B8EDB}.Debug|Any CPU.ActiveCfg = Debug|Any CPU
		{176CDFB5-66D4-4146-9036-84822C5B8EDB}.Debug|Any CPU.Build.0 = Debug|Any CPU
		{176CDFB5-66D4-4146-9036-84822C5B8EDB}.Release|Any CPU.ActiveCfg = Release|Any CPU
		{176CDFB5-66D4-4146-9036-84822C5B8EDB}.Release|Any CPU.Build.0 = Release|Any CPU
	EndGlobalSection
	GlobalSection(SolutionProperties) = preSolution
		HideSolutionNode = FALSE
	EndGlobalSection
	GlobalSection(ExtensibilityGlobals) = postSolution
		SolutionGuid = {88CD3194-1F5A-4BE3-A862-C5456E096752}
	EndGlobalSection
EndGlobal
