
Microsoft Visual Studio Solution File, Format Version 12.00
# Visual Studio Version 17
VisualStudioVersion = 17.0.31912.275
MinimumVisualStudioVersion = 10.0.40219.1
Project("{FAE04EC0-301F-11D3-BF4B-00C04F79EFBC}") = "TEst2", "TEst2\TEst2.csproj", "{C0C232BD-E3C8-411F-93DA-F9D0CE4A4575}"
EndProject
Global
	GlobalSection(SolutionConfigurationPlatforms) = preSolution
		Debug|Any CPU = Debug|Any CPU
		Release|Any CPU = Release|Any CPU
	EndGlobalSection
	GlobalSection(ProjectConfigurationPlatforms) = postSolution
		{C0C232BD-E3C8-411F-93DA-F9D0CE4A4575}.Debug|Any CPU.ActiveCfg = Debug|Any CPU
		{C0C232BD-E3C8-411F-93DA-F9D0CE4A4575}.Debug|Any CPU.Build.0 = Debug|Any CPU
		{C0C232BD-E3C8-411F-93DA-F9D0CE4A4575}.Release|Any CPU.ActiveCfg = Release|Any CPU
		{C0C232BD-E3C8-411F-93DA-F9D0CE4A4575}.Release|Any CPU.Build.0 = Release|Any CPU
	EndGlobalSection
	GlobalSection(SolutionProperties) = preSolution
		HideSolutionNode = FALSE
	EndGlobalSection
	GlobalSection(ExtensibilityGlobals) = postSolution
		SolutionGuid = {DD19E725-0CF5-49CC-9AE0-8AB8D43E9AEB}
	EndGlobalSection
EndGlobal
