
Microsoft Visual Studio Solution File, Format Version 12.00
# Visual Studio Version 17
VisualStudioVersion = 17.0.31912.275
MinimumVisualStudioVersion = 10.0.40219.1
Project("{FAE04EC0-301F-11D3-BF4B-00C04F79EFBC}") = "IEnumerableAsParameter", "IEnumerableAsParameter\IEnumerableAsParameter.csproj", "{D12FC782-F317-4003-9B60-29EB025A8856}"
EndProject
Global
	GlobalSection(SolutionConfigurationPlatforms) = preSolution
		Debug|Any CPU = Debug|Any CPU
		Release|Any CPU = Release|Any CPU
	EndGlobalSection
	GlobalSection(ProjectConfigurationPlatforms) = postSolution
		{D12FC782-F317-4003-9B60-29EB025A8856}.Debug|Any CPU.ActiveCfg = Debug|Any CPU
		{D12FC782-F317-4003-9B60-29EB025A8856}.Debug|Any CPU.Build.0 = Debug|Any CPU
		{D12FC782-F317-4003-9B60-29EB025A8856}.Release|Any CPU.ActiveCfg = Release|Any CPU
		{D12FC782-F317-4003-9B60-29EB025A8856}.Release|Any CPU.Build.0 = Release|Any CPU
	EndGlobalSection
	GlobalSection(SolutionProperties) = preSolution
		HideSolutionNode = FALSE
	EndGlobalSection
	GlobalSection(ExtensibilityGlobals) = postSolution
		SolutionGuid = {25BE91F8-603E-4F47-BD69-6198E5DD90A5}
	EndGlobalSection
EndGlobal
