
Microsoft Visual Studio Solution File, Format Version 12.00
# Visual Studio Version 17
VisualStudioVersion = 17.0.31912.275
MinimumVisualStudioVersion = 10.0.40219.1
Project("{FAE04EC0-301F-11D3-BF4B-00C04F79EFBC}") = "ThreadPoolThreadInBackgroud", "ThreadPoolThreadInBackgroud\ThreadPoolThreadInBackgroud.csproj", "{09969BFA-8E44-4215-B4B9-D7F7FF4E525A}"
EndProject
Global
	GlobalSection(SolutionConfigurationPlatforms) = preSolution
		Debug|Any CPU = Debug|Any CPU
		Release|Any CPU = Release|Any CPU
	EndGlobalSection
	GlobalSection(ProjectConfigurationPlatforms) = postSolution
		{09969BFA-8E44-4215-B4B9-D7F7FF4E525A}.Debug|Any CPU.ActiveCfg = Debug|Any CPU
		{09969BFA-8E44-4215-B4B9-D7F7FF4E525A}.Debug|Any CPU.Build.0 = Debug|Any CPU
		{09969BFA-8E44-4215-B4B9-D7F7FF4E525A}.Release|Any CPU.ActiveCfg = Release|Any CPU
		{09969BFA-8E44-4215-B4B9-D7F7FF4E525A}.Release|Any CPU.Build.0 = Release|Any CPU
	EndGlobalSection
	GlobalSection(SolutionProperties) = preSolution
		HideSolutionNode = FALSE
	EndGlobalSection
	GlobalSection(ExtensibilityGlobals) = postSolution
		SolutionGuid = {5CB1269E-9680-477A-AB0C-25540B4C82A0}
	EndGlobalSection
EndGlobal
