
Microsoft Visual Studio Solution File, Format Version 12.00
# Visual Studio Version 17
VisualStudioVersion = 17.0.31912.275
MinimumVisualStudioVersion = 10.0.40219.1
Project("{FAE04EC0-301F-11D3-BF4B-00C04F79EFBC}") = "StringAndItsMethod", "StringAndItsMethod\StringAndItsMethod.csproj", "{E5D30080-A077-4C59-9A0B-293FAE7C7B8B}"
EndProject
Global
	GlobalSection(SolutionConfigurationPlatforms) = preSolution
		Debug|Any CPU = Debug|Any CPU
		Release|Any CPU = Release|Any CPU
	EndGlobalSection
	GlobalSection(ProjectConfigurationPlatforms) = postSolution
		{E5D30080-A077-4C59-9A0B-293FAE7C7B8B}.Debug|Any CPU.ActiveCfg = Debug|Any CPU
		{E5D30080-A077-4C59-9A0B-293FAE7C7B8B}.Debug|Any CPU.Build.0 = Debug|Any CPU
		{E5D30080-A077-4C59-9A0B-293FAE7C7B8B}.Release|Any CPU.ActiveCfg = Release|Any CPU
		{E5D30080-A077-4C59-9A0B-293FAE7C7B8B}.Release|Any CPU.Build.0 = Release|Any CPU
	EndGlobalSection
	GlobalSection(SolutionProperties) = preSolution
		HideSolutionNode = FALSE
	EndGlobalSection
	GlobalSection(ExtensibilityGlobals) = postSolution
		SolutionGuid = {2B66FB83-E57E-4202-ACA2-504FCB45BE27}
	EndGlobalSection
EndGlobal
