
Microsoft Visual Studio Solution File, Format Version 12.00
# Visual Studio Version 17
VisualStudioVersion = 17.0.31912.275
MinimumVisualStudioVersion = 10.0.40219.1
Project("{FAE04EC0-301F-11D3-BF4B-00C04F79EFBC}") = "ThreeWaysToCreateAnArray", "ThreeWaysToCreateAnArray\ThreeWaysToCreateAnArray.csproj", "{EE5C210F-A7F8-45B0-A95F-9CA1C148EB20}"
EndProject
Global
	GlobalSection(SolutionConfigurationPlatforms) = preSolution
		Debug|Any CPU = Debug|Any CPU
		Release|Any CPU = Release|Any CPU
	EndGlobalSection
	GlobalSection(ProjectConfigurationPlatforms) = postSolution
		{EE5C210F-A7F8-45B0-A95F-9CA1C148EB20}.Debug|Any CPU.ActiveCfg = Debug|Any CPU
		{EE5C210F-A7F8-45B0-A95F-9CA1C148EB20}.Debug|Any CPU.Build.0 = Debug|Any CPU
		{EE5C210F-A7F8-45B0-A95F-9CA1C148EB20}.Release|Any CPU.ActiveCfg = Release|Any CPU
		{EE5C210F-A7F8-45B0-A95F-9CA1C148EB20}.Release|Any CPU.Build.0 = Release|Any CPU
	EndGlobalSection
	GlobalSection(SolutionProperties) = preSolution
		HideSolutionNode = FALSE
	EndGlobalSection
	GlobalSection(ExtensibilityGlobals) = postSolution
		SolutionGuid = {2BED9E8F-6197-428A-B3DF-D8B706519664}
	EndGlobalSection
EndGlobal
