
Microsoft Visual Studio Solution File, Format Version 12.00
# Visual Studio Version 17
VisualStudioVersion = 17.0.31912.275
MinimumVisualStudioVersion = 10.0.40219.1
Project("{FAE04EC0-301F-11D3-BF4B-00C04F79EFBC}") = "Operators", "Operators\Operators.csproj", "{F40EC313-586A-4FB2-9C28-48C99215D35A}"
EndProject
Global
	GlobalSection(SolutionConfigurationPlatforms) = preSolution
		Debug|Any CPU = Debug|Any CPU
		Release|Any CPU = Release|Any CPU
	EndGlobalSection
	GlobalSection(ProjectConfigurationPlatforms) = postSolution
		{F40EC313-586A-4FB2-9C28-48C99215D35A}.Debug|Any CPU.ActiveCfg = Debug|Any CPU
		{F40EC313-586A-4FB2-9C28-48C99215D35A}.Debug|Any CPU.Build.0 = Debug|Any CPU
		{F40EC313-586A-4FB2-9C28-48C99215D35A}.Release|Any CPU.ActiveCfg = Release|Any CPU
		{F40EC313-586A-4FB2-9C28-48C99215D35A}.Release|Any CPU.Build.0 = Release|Any CPU
	EndGlobalSection
	GlobalSection(SolutionProperties) = preSolution
		HideSolutionNode = FALSE
	EndGlobalSection
	GlobalSection(ExtensibilityGlobals) = postSolution
		SolutionGuid = {922C51E5-DCA1-4454-98EC-B3313FDAC680}
	EndGlobalSection
EndGlobal
