
Microsoft Visual Studio Solution File, Format Version 12.00
# Visual Studio Version 17
VisualStudioVersion = 17.0.31912.275
MinimumVisualStudioVersion = 10.0.40219.1
Project("{FAE04EC0-301F-11D3-BF4B-00C04F79EFBC}") = "NestedIfStatements", "NestedIfStatements\NestedIfStatements.csproj", "{6FFDFFAA-B053-4106-A7B6-310E31ECBD76}"
EndProject
Global
	GlobalSection(SolutionConfigurationPlatforms) = preSolution
		Debug|Any CPU = Debug|Any CPU
		Release|Any CPU = Release|Any CPU
	EndGlobalSection
	GlobalSection(ProjectConfigurationPlatforms) = postSolution
		{6FFDFFAA-B053-4106-A7B6-310E31ECBD76}.Debug|Any CPU.ActiveCfg = Debug|Any CPU
		{6FFDFFAA-B053-4106-A7B6-310E31ECBD76}.Debug|Any CPU.Build.0 = Debug|Any CPU
		{6FFDFFAA-B053-4106-A7B6-310E31ECBD76}.Release|Any CPU.ActiveCfg = Release|Any CPU
		{6FFDFFAA-B053-4106-A7B6-310E31ECBD76}.Release|Any CPU.Build.0 = Release|Any CPU
	EndGlobalSection
	GlobalSection(SolutionProperties) = preSolution
		HideSolutionNode = FALSE
	EndGlobalSection
	GlobalSection(ExtensibilityGlobals) = postSolution
		SolutionGuid = {A2098664-3B97-4250-8D6C-1C72CDF75224}
	EndGlobalSection
EndGlobal
