
Microsoft Visual Studio Solution File, Format Version 12.00
# Visual Studio Version 17
VisualStudioVersion = 17.0.31912.275
MinimumVisualStudioVersion = 10.0.40219.1
Project("{FAE04EC0-301F-11D3-BF4B-00C04F79EFBC}") = "SwitchStatement", "SwitchStatement\SwitchStatement.csproj", "{AC0C6D68-E1B8-49AB-8369-67D64D937C1D}"
EndProject
Global
	GlobalSection(SolutionConfigurationPlatforms) = preSolution
		Debug|Any CPU = Debug|Any CPU
		Release|Any CPU = Release|Any CPU
	EndGlobalSection
	GlobalSection(ProjectConfigurationPlatforms) = postSolution
		{AC0C6D68-E1B8-49AB-8369-67D64D937C1D}.Debug|Any CPU.ActiveCfg = Debug|Any CPU
		{AC0C6D68-E1B8-49AB-8369-67D64D937C1D}.Debug|Any CPU.Build.0 = Debug|Any CPU
		{AC0C6D68-E1B8-49AB-8369-67D64D937C1D}.Release|Any CPU.ActiveCfg = Release|Any CPU
		{AC0C6D68-E1B8-49AB-8369-67D64D937C1D}.Release|Any CPU.Build.0 = Release|Any CPU
	EndGlobalSection
	GlobalSection(SolutionProperties) = preSolution
		HideSolutionNode = FALSE
	EndGlobalSection
	GlobalSection(ExtensibilityGlobals) = postSolution
		SolutionGuid = {D2021B9A-126E-4676-BB5D-2A84DDEF061F}
	EndGlobalSection
EndGlobal
