
Microsoft Visual Studio Solution File, Format Version 12.00
# Visual Studio Version 17
VisualStudioVersion = 17.0.31912.275
MinimumVisualStudioVersion = 10.0.40219.1
Project("{FAE04EC0-301F-11D3-BF4B-00C04F79EFBC}") = "ListBoxWPF", "ListBoxWPF\ListBoxWPF.csproj", "{9E6B4335-F61F-4795-B823-5EBFBEA1DB9D}"
EndProject
Global
	GlobalSection(SolutionConfigurationPlatforms) = preSolution
		Debug|Any CPU = Debug|Any CPU
		Release|Any CPU = Release|Any CPU
	EndGlobalSection
	GlobalSection(ProjectConfigurationPlatforms) = postSolution
		{9E6B4335-F61F-4795-B823-5EBFBEA1DB9D}.Debug|Any CPU.ActiveCfg = Debug|Any CPU
		{9E6B4335-F61F-4795-B823-5EBFBEA1DB9D}.Debug|Any CPU.Build.0 = Debug|Any CPU
		{9E6B4335-F61F-4795-B823-5EBFBEA1DB9D}.Release|Any CPU.ActiveCfg = Release|Any CPU
		{9E6B4335-F61F-4795-B823-5EBFBEA1DB9D}.Release|Any CPU.Build.0 = Release|Any CPU
	EndGlobalSection
	GlobalSection(SolutionProperties) = preSolution
		HideSolutionNode = FALSE
	EndGlobalSection
	GlobalSection(ExtensibilityGlobals) = postSolution
		SolutionGuid = {821CEB24-0A1D-4063-84C9-84A373961D65}
	EndGlobalSection
EndGlobal
