
Microsoft Visual Studio Solution File, Format Version 12.00
# Visual Studio Version 17
VisualStudioVersion = 17.0.31912.275
MinimumVisualStudioVersion = 10.0.40219.1
Project("{FAE04EC0-301F-11D3-BF4B-00C04F79EFBC}") = "ConsoleGameTicTacToe", "ConsoleGameTicTacToe\ConsoleGameTicTacToe.csproj", "{A9335FB9-4BD1-4D3D-B3A8-379FFFF516C6}"
EndProject
Global
	GlobalSection(SolutionConfigurationPlatforms) = preSolution
		Debug|Any CPU = Debug|Any CPU
		Release|Any CPU = Release|Any CPU
	EndGlobalSection
	GlobalSection(ProjectConfigurationPlatforms) = postSolution
		{A9335FB9-4BD1-4D3D-B3A8-379FFFF516C6}.Debug|Any CPU.ActiveCfg = Debug|Any CPU
		{A9335FB9-4BD1-4D3D-B3A8-379FFFF516C6}.Debug|Any CPU.Build.0 = Debug|Any CPU
		{A9335FB9-4BD1-4D3D-B3A8-379FFFF516C6}.Release|Any CPU.ActiveCfg = Release|Any CPU
		{A9335FB9-4BD1-4D3D-B3A8-379FFFF516C6}.Release|Any CPU.Build.0 = Release|Any CPU
	EndGlobalSection
	GlobalSection(SolutionProperties) = preSolution
		HideSolutionNode = FALSE
	EndGlobalSection
	GlobalSection(ExtensibilityGlobals) = postSolution
		SolutionGuid = {E450C8B0-B84F-4A5C-AAB7-96EDB8112805}
	EndGlobalSection
EndGlobal
